#!r6rs ; -*- mode: scheme; coding: utf-8 -*-
;; This file is automatically generated - do not change it by hand.
(import (akku format lockfile))
(projects
 ((name "chez-srfi")
  (location
   (url "https://archive.akkuscm.org/archive/pkg/c/chez-srfi_0.0.0-akku.278.23fb0d8_repack.tar.xz"))
  (content
   (sha256 "055e73d96071e8ac1d3ce297db943d1ecc5e4a2aef8434b9b8725a744ddf758d"))))
